// !$*UTF8*$!
{
	archiveVersion = 1;
	classes = {
	};
	objectVersion = 56;
	objects = {

/* Begin PBXBuildFile section */
		B27F7AD42BA83A4700A570C6 /* AppDelegate.swift in Sources */ = {isa = PBXBuildFile; fileRef = B27F7AD32BA83A4700A570C6 /* AppDelegate.swift */; };
		B27F7AD62BA83A4700A570C6 /* SceneDelegate.swift in Sources */ = {isa = PBXBuildFile; fileRef = B27F7AD52BA83A4700A570C6 /* SceneDelegate.swift */; };
		B27F7AD82BA83A4700A570C6 /* ViewController.swift in Sources */ = {isa = PBXBuildFile; fileRef = B27F7AD72BA83A4700A570C6 /* ViewController.swift */; };
		B27F7ADB2BA83A4700A570C6 /* Base in Resources */ = {isa = PBXBuildFile; fileRef = B27F7ADA2BA83A4700A570C6 /* Base */; };
		B27F7ADE2BA83A4700A570C6 /* LocationManagerHW.xcdatamodeld in Sources */ = {isa = PBXBuildFile; fileRef = B27F7ADC2BA83A4700A570C6 /* LocationManagerHW.xcdatamodeld */; };
		B27F7AE02BA83A4800A570C6 /* Assets.xcassets in Resources */ = {isa = PBXBuildFile; fileRef = B27F7ADF2BA83A4800A570C6 /* Assets.xcassets */; };
		B27F7AE32BA83A4800A570C6 /* Base in Resources */ = {isa = PBXBuildFile; fileRef = B27F7AE22BA83A4800A570C6 /* Base */; };
		B27F7AEB2BA879E400A570C6 /* MapAnnotationPoint.swift in Sources */ = {isa = PBXBuildFile; fileRef = B27F7AEA2BA879E400A570C6 /* MapAnnotationPoint.swift */; };
/* End PBXBuildFile section */

/* Begin PBXFileReference section */
		B27F7AD02BA83A4700A570C6 /* LocationManagerHW.app */ = {isa = PBXFileReference; explicitFileType = wrapper.application; includeInIndex = 0; path = LocationManagerHW.app; sourceTree = BUILT_PRODUCTS_DIR; };
		B27F7AD32BA83A4700A570C6 /* AppDelegate.swift */ = {isa = PBXFileReference; lastKnownFileType = sourcecode.swift; path = AppDelegate.swift; sourceTree = "<group>"; };
		B27F7AD52BA83A4700A570C6 /* SceneDelegate.swift */ = {isa = PBXFileReference; lastKnownFileType = sourcecode.swift; path = SceneDelegate.swift; sourceTree = "<group>"; };
		B27F7AD72BA83A4700A570C6 /* ViewController.swift */ = {isa = PBXFileReference; lastKnownFileType = sourcecode.swift; path = ViewController.swift; sourceTree = "<group>"; };
		B27F7ADA2BA83A4700A570C6 /* Base */ = {isa = PBXFileReference; lastKnownFileType = file.storyboard; name = Base; path = Base.lproj/Main.storyboard; sourceTree = "<group>"; };
		B27F7ADD2BA83A4700A570C6 /* LocationManagerHW.xcdatamodel */ = {isa = PBXFileReference; lastKnownFileType = wrapper.xcdatamodel; path = LocationManagerHW.xcdatamodel; sourceTree = "<group>"; };
		B27F7ADF2BA83A4800A570C6 /* Assets.xcassets */ = {isa = PBXFileReference; lastKnownFileType = folder.assetcatalog; path = Assets.xcassets; sourceTree = "<group>"; };
		B27F7AE22BA83A4800A570C6 /* Base */ = {isa = PBXFileReference; lastKnownFileType = file.storyboard; name = Base; path = Base.lproj/LaunchScreen.storyboard; sourceTree = "<group>"; };
		B27F7AE42BA83A4800A570C6 /* Info.plist */ = {isa = PBXFileReference; lastKnownFileType = text.plist.xml; path = Info.plist; sourceTree = "<group>"; };
		B27F7AEA2BA879E400A570C6 /* MapAnnotationPoint.swift */ = {isa = PBXFileReference; lastKnownFileType = sourcecode.swift; path = MapAnnotationPoint.swift; sourceTree = "<group>"; };
/* End PBXFileReference section */

/* Begin PBXFrameworksBuildPhase section */
		B27F7ACD2BA83A4700A570C6 /* Frameworks */ = {
			isa = PBXFrameworksBuildPhase;
			buildActionMask = 2147483647;
			files = (
			);
			runOnlyForDeploymentPostprocessing = 0;
		};
/* End PBXFrameworksBuildPhase section */

/* Begin PBXGroup section */
		B27F7AC72BA83A4700A570C6 = {
			isa = PBXGroup;
			children = (
				B27F7AD22BA83A4700A570C6 /* LocationManagerHW */,
				B27F7AD12BA83A4700A570C6 /* Products */,
			);
			sourceTree = "<group>";
		};
		B27F7AD12BA83A4700A570C6 /* Products */ = {
			isa = PBXGroup;
			children = (
				B27F7AD02BA83A4700A570C6 /* LocationManagerHW.app */,
			);
			name = Products;
			sourceTree = "<group>";
		};
		B27F7AD22BA83A4700A570C6 /* LocationManagerHW */ = {
			isa = PBXGroup;
			children = (
				B27F7AD32BA83A4700A570C6 /* AppDelegate.swift */,
				B27F7AD52BA83A4700A570C6 /* SceneDelegate.swift */,
				B27F7AD72BA83A4700A570C6 /* ViewController.swift */,
				B27F7AEA2BA879E400A570C6 /* MapAnnotationPoint.swift */,
				B27F7AD92BA83A4700A570C6 /* Main.storyboard */,
				B27F7ADF2BA83A4800A570C6 /* Assets.xcassets */,
				B27F7AE12BA83A4800A570C6 /* LaunchScreen.storyboard */,
				B27F7AE42BA83A4800A570C6 /* Info.plist */,
				B27F7ADC2BA83A4700A570C6 /* LocationManagerHW.xcdatamodeld */,
			);
			path = LocationManagerHW;
			sourceTree = "<group>";
		};
/* End PBXGroup section */

/* Begin PBXNativeTarget section */
		B27F7ACF2BA83A4700A570C6 /* LocationManagerHW */ = {
			isa = PBXNativeTarget;
			buildConfigurationList = B27F7AE72BA83A4800A570C6 /* Build configuration list for PBXNativeTarget "LocationManagerHW" */;
			buildPhases = (
				B27F7ACC2BA83A4700A570C6 /* Sources */,
				B27F7ACD2BA83A4700A570C6 /* Frameworks */,
				B27F7ACE2BA83A4700A570C6 /* Resources */,
			);
			buildRules = (
			);
			dependencies = (
			);
			name = LocationManagerHW;
			productName = LocationManagerHW;
			productReference = B27F7AD02BA83A4700A570C6 /* LocationManagerHW.app */;
			productType = "com.apple.product-type.application";
		};
/* End PBXNativeTarget section */

/* Begin PBXProject section */
		B27F7AC82BA83A4700A570C6 /* Project object */ = {
			isa = PBXProject;
			attributes = {
				BuildIndependentTargetsInParallel = 1;
				LastSwiftUpdateCheck = 1530;
				LastUpgradeCheck = 1530;
				TargetAttributes = {
					B27F7ACF2BA83A4700A570C6 = {
						CreatedOnToolsVersion = 15.3;
					};
				};
			};
			buildConfigurationList = B27F7ACB2BA83A4700A570C6 /* Build configuration list for PBXProject "LocationManagerHW" */;
			compatibilityVersion = "Xcode 14.0";
			developmentRegion = en;
			hasScannedForEncodings = 0;
			knownRegions = (
				en,
				Base,
			);
			mainGroup = B27F7AC72BA83A4700A570C6;
			productRefGroup = B27F7AD12BA83A4700A570C6 /* Products */;
			projectDirPath = "";
			projectRoot = "";
			targets = (
				B27F7ACF2BA83A4700A570C6 /* LocationManagerHW */,
			);
		};
/* End PBXProject section */

/* Begin PBXResourcesBuildPhase section */
		B27F7ACE2BA83A4700A570C6 /* Resources */ = {
			isa = PBXResourcesBuildPhase;
			buildActionMask = 2147483647;
			files = (
				B27F7AE02BA83A4800A570C6 /* Assets.xcassets in Resources */,
				B27F7AE32BA83A4800A570C6 /* Base in Resources */,
				B27F7ADB2BA83A4700A570C6 /* Base in Resources */,
			);
			runOnlyForDeploymentPostprocessing = 0;
		};
/* End PBXResourcesBuildPhase section */

/* Begin PBXSourcesBuildPhase section */
		B27F7ACC2BA83A4700A570C6 /* Sources */ = {
			isa = PBXSourcesBuildPhase;
			buildActionMask = 2147483647;
			files = (
				B27F7AD82BA83A4700A570C6 /* ViewController.swift in Sources */,
				B27F7ADE2BA83A4700A570C6 /* LocationManagerHW.xcdatamodeld in Sources */,
				B27F7AD42BA83A4700A570C6 /* AppDelegate.swift in Sources */,
				B27F7AD62BA83A4700A570C6 /* SceneDelegate.swift in Sources */,
				B27F7AEB2BA879E400A570C6 /* MapAnnotationPoint.swift in Sources */,
			);
			runOnlyForDeploymentPostprocessing = 0;
		};
/* End PBXSourcesBuildPhase section */

/* Begin PBXVariantGroup section */
		B27F7AD92BA83A4700A570C6 /* Main.storyboard */ = {
			isa = PBXVariantGroup;
			children = (
				B27F7ADA2BA83A4700A570C6 /* Base */,
			);
			name = Main.storyboard;
			sourceTree = "<group>";
		};
		B27F7AE12BA83A4800A570C6 /* LaunchScreen.storyboard */ = {
			isa = PBXVariantGroup;
			children = (
				B27F7AE22BA83A4800A570C6 /* Base */,
			);
			name = LaunchScreen.storyboard;
			sourceTree = "<group>";
		};
/* End PBXVariantGroup section */

/* Begin XCBuildConfiguration section */
		B27F7AE52BA83A4800A570C6 /* Debug */ = {
			isa = XCBuildConfiguration;
			buildSettings = {
				ALWAYS_SEARCH_USER_PATHS = NO;
				ASSETCATALOG_COMPILER_GENERATE_SWIFT_ASSET_SYMBOL_EXTENSIONS = YES;
				CLANG_ANALYZER_NONNULL = YES;
				CLANG_ANALYZER_NUMBER_OBJECT_CONVERSION = YES_AGGRESSIVE;
				CLANG_CXX_LANGUAGE_STANDARD = "gnu++20";
				CLANG_ENABLE_MODULES = YES;
				CLANG_ENABLE_OBJC_ARC = YES;
				CLANG_ENABLE_OBJC_WEAK = YES;
				CLANG_WARN_BLOCK_CAPTURE_AUTORELEASING = YES;
				CLANG_WARN_BOOL_CONVERSION = YES;
				CLANG_WARN_COMMA = YES;
				CLANG_WARN_CONSTANT_CONVERSION = YES;
				CLANG_WARN_DEPRECATED_OBJC_IMPLEMENTATIONS = YES;
				CLANG_WARN_DIRECT_OBJC_ISA_USAGE = YES_ERROR;
				CLANG_WARN_DOCUMENTATION_COMMENTS = YES;
				CLANG_WARN_EMPTY_BODY = YES;
				CLANG_WARN_ENUM_CONVERSION = YES;
				CLANG_WARN_INFINITE_RECURSION = YES;
				CLANG_WARN_INT_CONVERSION = YES;
				CLANG_WARN_NON_LITERAL_NULL_CONVERSION = YES;
				CLANG_WARN_OBJC_IMPLICIT_RETAIN_SELF = YES;
				CLANG_WARN_OBJC_LITERAL_CONVERSION = YES;
				CLANG_WARN_OBJC_ROOT_CLASS = YES_ERROR;
				CLANG_WARN_QUOTED_INCLUDE_IN_FRAMEWORK_HEADER = YES;
				CLANG_WARN_RANGE_LOOP_ANALYSIS = YES;
				CLANG_WARN_STRICT_PROTOTYPES = YES;
				CLANG_WARN_SUSPICIOUS_MOVE = YES;
				CLANG_WARN_UNGUARDED_AVAILABILITY = YES_AGGRESSIVE;
				CLANG_WARN_UNREACHABLE_CODE = YES;
				CLANG_WARN__DUPLICATE_METHOD_MATCH = YES;
				COPY_PHASE_STRIP = NO;
				DEBUG_INFORMATION_FORMAT = dwarf;
				ENABLE_STRICT_OBJC_MSGSEND = YES;
				ENABLE_TESTABILITY = YES;
				ENABLE_USER_SCRIPT_SANDBOXING = YES;
				GCC_C_LANGUAGE_STANDARD = gnu17;
				GCC_DYNAMIC_NO_PIC = NO;
				GCC_NO_COMMON_BLOCKS = YES;
				GCC_OPTIMIZATION_LEVEL = 0;
				GCC_PREPROCESSOR_DEFINITIONS = (
					"DEBUG=1",
					"$(inherited)",
				);
				GCC_WARN_64_TO_32_BIT_CONVERSION = YES;
				GCC_WARN_ABOUT_RETURN_TYPE = YES_ERROR;
				GCC_WARN_UNDECLARED_SELECTOR = YES;
				GCC_WARN_UNINITIALIZED_AUTOS = YES_AGGRESSIVE;
				GCC_WARN_UNUSED_FUNCTION = YES;
				GCC_WARN_UNUSED_VARIABLE = YES;
				IPHONEOS_DEPLOYMENT_TARGET = 17.4;
				LOCALIZATION_PREFERS_STRING_CATALOGS = YES;
				MTL_ENABLE_DEBUG_INFO = INCLUDE_SOURCE;
				MTL_FAST_MATH = YES;
				ONLY_ACTIVE_ARCH = YES;
				SDKROOT = iphoneos;
				SWIFT_ACTIVE_COMPILATION_CONDITIONS = "DEBUG $(inherited)";
				SWIFT_OPTIMIZATION_LEVEL = "-Onone";
			};
			name = Debug;
		};
		B27F7AE62BA83A4800A570C6 /* Release */ = {
			isa = XCBuildConfiguration;
			buildSettings = {
				ALWAYS_SEARCH_USER_PATHS = NO;
				ASSETCATALOG_COMPILER_GENERATE_SWIFT_ASSET_SYMBOL_EXTENSIONS = YES;
				CLANG_ANALYZER_NONNULL = YES;
				CLANG_ANALYZER_NUMBER_OBJECT_CONVERSION = YES_AGGRESSIVE;
				CLANG_CXX_LANGUAGE_STANDARD = "gnu++20";
				CLANG_ENABLE_MODULES = YES;
				CLANG_ENABLE_OBJC_ARC = YES;
				CLANG_ENABLE_OBJC_WEAK = YES;
				CLANG_WARN_BLOCK_CAPTURE_AUTORELEASING = YES;
				CLANG_WARN_BOOL_CONVERSION = YES;
				CLANG_WARN_COMMA = YES;
				CLANG_WARN_CONSTANT_CONVERSION = YES;
				CLANG_WARN_DEPRECATED_OBJC_IMPLEMENTATIONS = YES;
				CLANG_WARN_DIRECT_OBJC_ISA_USAGE = YES_ERROR;
				CLANG_WARN_DOCUMENTATION_COMMENTS = YES;
				CLANG_WARN_EMPTY_BODY = YES;
				CLANG_WARN_ENUM_CONVERSION = YES;
				CLANG_WARN_INFINITE_RECURSION = YES;
				CLANG_WARN_INT_CONVERSION = YES;
				CLANG_WARN_NON_LITERAL_NULL_CONVERSION = YES;
				CLANG_WARN_OBJC_IMPLICIT_RETAIN_SELF = YES;
				CLANG_WARN_OBJC_LITERAL_CONVERSION = YES;
				CLANG_WARN_OBJC_ROOT_CLASS = YES_ERROR;
				CLANG_WARN_QUOTED_INCLUDE_IN_FRAMEWORK_HEADER = YES;
				CLANG_WARN_RANGE_LOOP_ANALYSIS = YES;
				CLANG_WARN_STRICT_PROTOTYPES = YES;
				CLANG_WARN_SUSPICIOUS_MOVE = YES;
				CLANG_WARN_UNGUARDED_AVAILABILITY = YES_AGGRESSIVE;
				CLANG_WARN_UNREACHABLE_CODE = YES;
				CLANG_WARN__DUPLICATE_METHOD_MATCH = YES;
				COPY_PHASE_STRIP = NO;
				DEBUG_INFORMATION_FORMAT = "dwarf-with-dsym";
				ENABLE_NS_ASSERTIONS = NO;
				ENABLE_STRICT_OBJC_MSGSEND = YES;
				ENABLE_USER_SCRIPT_SANDBOXING = YES;
				GCC_C_LANGUAGE_STANDARD = gnu17;
				GCC_NO_COMMON_BLOCKS = YES;
				GCC_WARN_64_TO_32_BIT_CONVERSION = YES;
				GCC_WARN_ABOUT_RETURN_TYPE = YES_ERROR;
				GCC_WARN_UNDECLARED_SELECTOR = YES;
				GCC_WARN_UNINITIALIZED_AUTOS = YES_AGGRESSIVE;
				GCC_WARN_UNUSED_FUNCTION = YES;
				GCC_WARN_UNUSED_VARIABLE = YES;
				IPHONEOS_DEPLOYMENT_TARGET = 17.4;
				LOCALIZATION_PREFERS_STRING_CATALOGS = YES;
				MTL_ENABLE_DEBUG_INFO = NO;
				MTL_FAST_MATH = YES;
				SDKROOT = iphoneos;
				SWIFT_COMPILATION_MODE = wholemodule;
				VALIDATE_PRODUCT = YES;
			};
			name = Release;
		};
		B27F7AE82BA83A4800A570C6 /* Debug */ = {
			isa = XCBuildConfiguration;
			buildSettings = {
				ASSETCATALOG_COMPILER_APPICON_NAME = AppIcon;
				ASSETCATALOG_COMPILER_GLOBAL_ACCENT_COLOR_NAME = AccentColor;
				CODE_SIGN_STYLE = Automatic;
				CURRENT_PROJECT_VERSION = 1;
				DEVELOPMENT_TEAM = Y6VX64W3KZ;
				GENERATE_INFOPLIST_FILE = YES;
				INFOPLIST_FILE = LocationManagerHW/Info.plist;
				INFOPLIST_KEY_NSLocationWhenInUseUsageDescription = "\"Please let us use your location for test\"";
				INFOPLIST_KEY_UIApplicationSupportsIndirectInputEvents = YES;
				INFOPLIST_KEY_UILaunchStoryboardName = LaunchScreen;
				INFOPLIST_KEY_UIMainStoryboardFile = Main;
				INFOPLIST_KEY_UISupportedInterfaceOrientations_iPad = "UIInterfaceOrientationPortrait UIInterfaceOrientationPortraitUpsideDown UIInterfaceOrientationLandscapeLeft UIInterfaceOrientationLandscapeRight";
				INFOPLIST_KEY_UISupportedInterfaceOrientations_iPhone = "UIInterfaceOrientationPortrait UIInterfaceOrientationLandscapeLeft UIInterfaceOrientationLandscapeRight";
				IPHONEOS_DEPLOYMENT_TARGET = 17.0;
				LD_RUNPATH_SEARCH_PATHS = (
					"$(inherited)",
					"@executable_path/Frameworks",
				);
				MARKETING_VERSION = 1.0;
				PRODUCT_BUNDLE_IDENTIFIER = NetologyLessoins.LocationManagerHW;
				PRODUCT_NAME = "$(TARGET_NAME)";
				SUPPORTED_PLATFORMS = "iphoneos iphonesimulator";
				SUPPORTS_MACCATALYST = NO;
				SUPPORTS_MAC_DESIGNED_FOR_IPHONE_IPAD = NO;
				SUPPORTS_XR_DESIGNED_FOR_IPHONE_IPAD = NO;
				SWIFT_EMIT_LOC_STRINGS = YES;
				SWIFT_VERSION = 5.0;
				TARGETED_DEVICE_FAMILY = 1;
			};
			name = Debug;
		};
		B27F7AE92BA83A4800A570C6 /* Release */ = {
			isa = XCBuildConfiguration;
			buildSettings = {
				ASSETCATALOG_COMPILER_APPICON_NAME = AppIcon;
				ASSETCATALOG_COMPILER_GLOBAL_ACCENT_COLOR_NAME = AccentColor;
				CODE_SIGN_STYLE = Automatic;
				CURRENT_PROJECT_VERSION = 1;
				DEVELOPMENT_TEAM = Y6VX64W3KZ;
				GENERATE_INFOPLIST_FILE = YES;
				INFOPLIST_FILE = LocationManagerHW/Info.plist;
				INFOPLIST_KEY_NSLocationWhenInUseUsageDescription = "\"Please let us use your location for test\"";
				INFOPLIST_KEY_UIApplicationSupportsIndirectInputEvents = YES;
				INFOPLIST_KEY_UILaunchStoryboardName = LaunchScreen;
				INFOPLIST_KEY_UIMainStoryboardFile = Main;
				INFOPLIST_KEY_UISupportedInterfaceOrientations_iPad = "UIInterfaceOrientationPortrait UIInterfaceOrientationPortraitUpsideDown UIInterfaceOrientationLandscapeLeft UIInterfaceOrientationLandscapeRight";
				INFOPLIST_KEY_UISupportedInterfaceOrientations_iPhone = "UIInterfaceOrientationPortrait UIInterfaceOrientationLandscapeLeft UIInterfaceOrientationLandscapeRight";
				IPHONEOS_DEPLOYMENT_TARGET = 17.0;
				LD_RUNPATH_SEARCH_PATHS = (
					"$(inherited)",
					"@executable_path/Frameworks",
				);
				MARKETING_VERSION = 1.0;
				PRODUCT_BUNDLE_IDENTIFIER = NetologyLessoins.LocationManagerHW;
				PRODUCT_NAME = "$(TARGET_NAME)";
				SUPPORTED_PLATFORMS = "iphoneos iphonesimulator";
				SUPPORTS_MACCATALYST = NO;
				SUPPORTS_MAC_DESIGNED_FOR_IPHONE_IPAD = NO;
				SUPPORTS_XR_DESIGNED_FOR_IPHONE_IPAD = NO;
				SWIFT_EMIT_LOC_STRINGS = YES;
				SWIFT_VERSION = 5.0;
				TARGETED_DEVICE_FAMILY = 1;
			};
			name = Release;
		};
/* End XCBuildConfiguration section */

/* Begin XCConfigurationList section */
		B27F7ACB2BA83A4700A570C6 /* Build configuration list for PBXProject "LocationManagerHW" */ = {
			isa = XCConfigurationList;
			buildConfigurations = (
				B27F7AE52BA83A4800A570C6 /* Debug */,
				B27F7AE62BA83A4800A570C6 /* Release */,
			);
			defaultConfigurationIsVisible = 0;
			defaultConfigurationName = Release;
		};
		B27F7AE72BA83A4800A570C6 /* Build configuration list for PBXNativeTarget "LocationManagerHW" */ = {
			isa = XCConfigurationList;
			buildConfigurations = (
				B27F7AE82BA83A4800A570C6 /* Debug */,
				B27F7AE92BA83A4800A570C6 /* Release */,
			);
			defaultConfigurationIsVisible = 0;
			defaultConfigurationName = Release;
		};
/* End XCConfigurationList section */

/* Begin XCVersionGroup section */
		B27F7ADC2BA83A4700A570C6 /* LocationManagerHW.xcdatamodeld */ = {
			isa = XCVersionGroup;
			children = (
				B27F7ADD2BA83A4700A570C6 /* LocationManagerHW.xcdatamodel */,
			);
			currentVersion = B27F7ADD2BA83A4700A570C6 /* LocationManagerHW.xcdatamodel */;
			path = LocationManagerHW.xcdatamodeld;
			sourceTree = "<group>";
			versionGroupType = wrapper.xcdatamodel;
		};
/* End XCVersionGroup section */
	};
	rootObject = B27F7AC82BA83A4700A570C6 /* Project object */;
}
